
Microsoft Visual Studio Solution File, Format Version 12.00
# Visual Studio Version 16
VisualStudioVersion = 16.0.31613.86
MinimumVisualStudioVersion = 10.0.40219.1
Project("{FAE04EC0-301F-11D3-BF4B-00C04F79EFBC}") = "task-1", "task-1.csproj", "{387C406B-DFE1-462F-B084-764358F1EE0E}"
EndProject
Project("{FAE04EC0-301F-11D3-BF4B-00C04F79EFBC}") = "task-2", "..\task-2\task-2.csproj", "{BDD0A366-5CF5-4194-A8E4-0428DB391DF0}"
EndProject
Project("{FAE04EC0-301F-11D3-BF4B-00C04F79EFBC}") = "task-3", "..\task-3\task-3.csproj", "{29588635-7050-4B85-A0EF-D7628F5E2A7A}"
EndProject
Project("{FAE04EC0-301F-11D3-BF4B-00C04F79EFBC}") = "task-4", "..\task-4\task-4.csproj", "{664DDCA8-5406-4AD8-9734-2F05702C105B}"
EndProject
Project("{FAE04EC0-301F-11D3-BF4B-00C04F79EFBC}") = "task-5", "..\task-5\task-5.csproj", "{116B9BC5-49CC-49D4-94B4-364411F77D78}"
EndProject
Global
	GlobalSection(SolutionConfigurationPlatforms) = preSolution
		Debug|Any CPU = Debug|Any CPU
		Release|Any CPU = Release|Any CPU
	EndGlobalSection
	GlobalSection(ProjectConfigurationPlatforms) = postSolution
		{387C406B-DFE1-462F-B084-764358F1EE0E}.Debug|Any CPU.ActiveCfg = Debug|Any CPU
		{387C406B-DFE1-462F-B084-764358F1EE0E}.Debug|Any CPU.Build.0 = Debug|Any CPU
		{387C406B-DFE1-462F-B084-764358F1EE0E}.Release|Any CPU.ActiveCfg = Release|Any CPU
		{387C406B-DFE1-462F-B084-764358F1EE0E}.Release|Any CPU.Build.0 = Release|Any CPU
		{BDD0A366-5CF5-4194-A8E4-0428DB391DF0}.Debug|Any CPU.ActiveCfg = Debug|Any CPU
		{BDD0A366-5CF5-4194-A8E4-0428DB391DF0}.Debug|Any CPU.Build.0 = Debug|Any CPU
		{BDD0A366-5CF5-4194-A8E4-0428DB391DF0}.Release|Any CPU.ActiveCfg = Release|Any CPU
		{BDD0A366-5CF5-4194-A8E4-0428DB391DF0}.Release|Any CPU.Build.0 = Release|Any CPU
		{29588635-7050-4B85-A0EF-D7628F5E2A7A}.Debug|Any CPU.ActiveCfg = Debug|Any CPU
		{29588635-7050-4B85-A0EF-D7628F5E2A7A}.Debug|Any CPU.Build.0 = Debug|Any CPU
		{29588635-7050-4B85-A0EF-D7628F5E2A7A}.Release|Any CPU.ActiveCfg = Release|Any CPU
		{29588635-7050-4B85-A0EF-D7628F5E2A7A}.Release|Any CPU.Build.0 = Release|Any CPU
		{664DDCA8-5406-4AD8-9734-2F05702C105B}.Debug|Any CPU.ActiveCfg = Debug|Any CPU
		{664DDCA8-5406-4AD8-9734-2F05702C105B}.Debug|Any CPU.Build.0 = Debug|Any CPU
		{664DDCA8-5406-4AD8-9734-2F05702C105B}.Release|Any CPU.ActiveCfg = Release|Any CPU
		{664DDCA8-5406-4AD8-9734-2F05702C105B}.Release|Any CPU.Build.0 = Release|Any CPU
		{116B9BC5-49CC-49D4-94B4-364411F77D78}.Debug|Any CPU.ActiveCfg = Debug|Any CPU
		{116B9BC5-49CC-49D4-94B4-364411F77D78}.Debug|Any CPU.Build.0 = Debug|Any CPU
		{116B9BC5-49CC-49D4-94B4-364411F77D78}.Release|Any CPU.ActiveCfg = Release|Any CPU
		{116B9BC5-49CC-49D4-94B4-364411F77D78}.Release|Any CPU.Build.0 = Release|Any CPU
	EndGlobalSection
	GlobalSection(SolutionProperties) = preSolution
		HideSolutionNode = FALSE
	EndGlobalSection
	GlobalSection(ExtensibilityGlobals) = postSolution
		SolutionGuid = {D518C0D9-2048-4920-B9FC-8466A9E0E4C0}
	EndGlobalSection
EndGlobal
