
Microsoft Visual Studio Solution File, Format Version 12.00
# Visual Studio Version 16
VisualStudioVersion = 16.0.31613.86
MinimumVisualStudioVersion = 10.0.40219.1
Project("{9A19103F-16F7-4668-BE54-9A1E7A4F7556}") = "task-1", "task-1.csproj", "{4161D43A-EAF3-49C5-BF26-5C7F7A7B424D}"
EndProject
Project("{9A19103F-16F7-4668-BE54-9A1E7A4F7556}") = "task-1-2", "..\task-1-2\task-1-2.csproj", "{53966796-65F1-4CB1-B8CF-80F8A77C8E8B}"
EndProject
Project("{9A19103F-16F7-4668-BE54-9A1E7A4F7556}") = "task-2", "..\task-2\task-2.csproj", "{3476D24B-38F1-4738-96C3-D0CC31B4054B}"
EndProject
Project("{FAE04EC0-301F-11D3-BF4B-00C04F79EFBC}") = "task-3", "..\task-3\task-3.csproj", "{CCC58707-92B6-4E0D-8123-26F821859BC6}"
EndProject
Project("{FAE04EC0-301F-11D3-BF4B-00C04F79EFBC}") = "task-4", "..\task-4\task-4.csproj", "{B080D9C8-A28B-4C28-AF5E-9AD5265B2A7C}"
EndProject
Global
	GlobalSection(SolutionConfigurationPlatforms) = preSolution
		Debug|Any CPU = Debug|Any CPU
		Release|Any CPU = Release|Any CPU
	EndGlobalSection
	GlobalSection(ProjectConfigurationPlatforms) = postSolution
		{4161D43A-EAF3-49C5-BF26-5C7F7A7B424D}.Debug|Any CPU.ActiveCfg = Debug|Any CPU
		{4161D43A-EAF3-49C5-BF26-5C7F7A7B424D}.Debug|Any CPU.Build.0 = Debug|Any CPU
		{4161D43A-EAF3-49C5-BF26-5C7F7A7B424D}.Release|Any CPU.ActiveCfg = Release|Any CPU
		{4161D43A-EAF3-49C5-BF26-5C7F7A7B424D}.Release|Any CPU.Build.0 = Release|Any CPU
		{53966796-65F1-4CB1-B8CF-80F8A77C8E8B}.Debug|Any CPU.ActiveCfg = Debug|Any CPU
		{53966796-65F1-4CB1-B8CF-80F8A77C8E8B}.Debug|Any CPU.Build.0 = Debug|Any CPU
		{53966796-65F1-4CB1-B8CF-80F8A77C8E8B}.Release|Any CPU.ActiveCfg = Release|Any CPU
		{53966796-65F1-4CB1-B8CF-80F8A77C8E8B}.Release|Any CPU.Build.0 = Release|Any CPU
		{3476D24B-38F1-4738-96C3-D0CC31B4054B}.Debug|Any CPU.ActiveCfg = Debug|Any CPU
		{3476D24B-38F1-4738-96C3-D0CC31B4054B}.Debug|Any CPU.Build.0 = Debug|Any CPU
		{3476D24B-38F1-4738-96C3-D0CC31B4054B}.Release|Any CPU.ActiveCfg = Release|Any CPU
		{3476D24B-38F1-4738-96C3-D0CC31B4054B}.Release|Any CPU.Build.0 = Release|Any CPU
		{CCC58707-92B6-4E0D-8123-26F821859BC6}.Debug|Any CPU.ActiveCfg = Debug|Any CPU
		{CCC58707-92B6-4E0D-8123-26F821859BC6}.Debug|Any CPU.Build.0 = Debug|Any CPU
		{CCC58707-92B6-4E0D-8123-26F821859BC6}.Release|Any CPU.ActiveCfg = Release|Any CPU
		{CCC58707-92B6-4E0D-8123-26F821859BC6}.Release|Any CPU.Build.0 = Release|Any CPU
		{B080D9C8-A28B-4C28-AF5E-9AD5265B2A7C}.Debug|Any CPU.ActiveCfg = Debug|Any CPU
		{B080D9C8-A28B-4C28-AF5E-9AD5265B2A7C}.Debug|Any CPU.Build.0 = Debug|Any CPU
		{B080D9C8-A28B-4C28-AF5E-9AD5265B2A7C}.Release|Any CPU.ActiveCfg = Release|Any CPU
		{B080D9C8-A28B-4C28-AF5E-9AD5265B2A7C}.Release|Any CPU.Build.0 = Release|Any CPU
	EndGlobalSection
	GlobalSection(SolutionProperties) = preSolution
		HideSolutionNode = FALSE
	EndGlobalSection
	GlobalSection(ExtensibilityGlobals) = postSolution
		SolutionGuid = {AF0E8D5A-BDAA-4291-91B8-B03BB3F3133F}
	EndGlobalSection
EndGlobal
