
Microsoft Visual Studio Solution File, Format Version 12.00
# Visual Studio Version 16
VisualStudioVersion = 16.0.31613.86
MinimumVisualStudioVersion = 10.0.40219.1
Project("{9A19103F-16F7-4668-BE54-9A1E7A4F7556}") = "task-1", "task-1.csproj", "{F2C17F60-7602-45D8-88C6-2974A8796C42}"
EndProject
Project("{9A19103F-16F7-4668-BE54-9A1E7A4F7556}") = "task-2", "..\task-2\task-2.csproj", "{D05D7BC0-B9CF-49E4-87C6-7567F54E9985}"
EndProject
Project("{9A19103F-16F7-4668-BE54-9A1E7A4F7556}") = "task-2-2", "..\task-2-2\task-2-2.csproj", "{F8E1378A-8183-408B-85F1-A54C23368FF1}"
EndProject
Project("{FAE04EC0-301F-11D3-BF4B-00C04F79EFBC}") = "task-2-3", "..\task-2-3\task-2-3.csproj", "{C1984214-B839-4C3D-ACCB-852B5B06E76F}"
EndProject
Project("{9A19103F-16F7-4668-BE54-9A1E7A4F7556}") = "task-3", "..\task-3\task-3.csproj", "{BEF7A903-F128-4429-9B7D-9D479277E63D}"
EndProject
Project("{FAE04EC0-301F-11D3-BF4B-00C04F79EFBC}") = "task-3-2", "..\task-3-2\task-3-2.csproj", "{CFB3D12B-1870-48B1-9361-9C7573BA2CE9}"
EndProject
Project("{FAE04EC0-301F-11D3-BF4B-00C04F79EFBC}") = "task-4", "..\task-4\task-4.csproj", "{E5410F6B-5273-4DC6-9EA9-D2821D01E345}"
EndProject
Global
	GlobalSection(SolutionConfigurationPlatforms) = preSolution
		Debug|Any CPU = Debug|Any CPU
		Release|Any CPU = Release|Any CPU
	EndGlobalSection
	GlobalSection(ProjectConfigurationPlatforms) = postSolution
		{F2C17F60-7602-45D8-88C6-2974A8796C42}.Debug|Any CPU.ActiveCfg = Debug|Any CPU
		{F2C17F60-7602-45D8-88C6-2974A8796C42}.Debug|Any CPU.Build.0 = Debug|Any CPU
		{F2C17F60-7602-45D8-88C6-2974A8796C42}.Release|Any CPU.ActiveCfg = Release|Any CPU
		{F2C17F60-7602-45D8-88C6-2974A8796C42}.Release|Any CPU.Build.0 = Release|Any CPU
		{D05D7BC0-B9CF-49E4-87C6-7567F54E9985}.Debug|Any CPU.ActiveCfg = Debug|Any CPU
		{D05D7BC0-B9CF-49E4-87C6-7567F54E9985}.Debug|Any CPU.Build.0 = Debug|Any CPU
		{D05D7BC0-B9CF-49E4-87C6-7567F54E9985}.Release|Any CPU.ActiveCfg = Release|Any CPU
		{D05D7BC0-B9CF-49E4-87C6-7567F54E9985}.Release|Any CPU.Build.0 = Release|Any CPU
		{F8E1378A-8183-408B-85F1-A54C23368FF1}.Debug|Any CPU.ActiveCfg = Debug|Any CPU
		{F8E1378A-8183-408B-85F1-A54C23368FF1}.Debug|Any CPU.Build.0 = Debug|Any CPU
		{F8E1378A-8183-408B-85F1-A54C23368FF1}.Release|Any CPU.ActiveCfg = Release|Any CPU
		{F8E1378A-8183-408B-85F1-A54C23368FF1}.Release|Any CPU.Build.0 = Release|Any CPU
		{C1984214-B839-4C3D-ACCB-852B5B06E76F}.Debug|Any CPU.ActiveCfg = Debug|Any CPU
		{C1984214-B839-4C3D-ACCB-852B5B06E76F}.Debug|Any CPU.Build.0 = Debug|Any CPU
		{C1984214-B839-4C3D-ACCB-852B5B06E76F}.Release|Any CPU.ActiveCfg = Release|Any CPU
		{C1984214-B839-4C3D-ACCB-852B5B06E76F}.Release|Any CPU.Build.0 = Release|Any CPU
		{BEF7A903-F128-4429-9B7D-9D479277E63D}.Debug|Any CPU.ActiveCfg = Debug|Any CPU
		{BEF7A903-F128-4429-9B7D-9D479277E63D}.Debug|Any CPU.Build.0 = Debug|Any CPU
		{BEF7A903-F128-4429-9B7D-9D479277E63D}.Release|Any CPU.ActiveCfg = Release|Any CPU
		{BEF7A903-F128-4429-9B7D-9D479277E63D}.Release|Any CPU.Build.0 = Release|Any CPU
		{CFB3D12B-1870-48B1-9361-9C7573BA2CE9}.Debug|Any CPU.ActiveCfg = Debug|Any CPU
		{CFB3D12B-1870-48B1-9361-9C7573BA2CE9}.Debug|Any CPU.Build.0 = Debug|Any CPU
		{CFB3D12B-1870-48B1-9361-9C7573BA2CE9}.Release|Any CPU.ActiveCfg = Release|Any CPU
		{CFB3D12B-1870-48B1-9361-9C7573BA2CE9}.Release|Any CPU.Build.0 = Release|Any CPU
		{E5410F6B-5273-4DC6-9EA9-D2821D01E345}.Debug|Any CPU.ActiveCfg = Debug|Any CPU
		{E5410F6B-5273-4DC6-9EA9-D2821D01E345}.Debug|Any CPU.Build.0 = Debug|Any CPU
		{E5410F6B-5273-4DC6-9EA9-D2821D01E345}.Release|Any CPU.ActiveCfg = Release|Any CPU
		{E5410F6B-5273-4DC6-9EA9-D2821D01E345}.Release|Any CPU.Build.0 = Release|Any CPU
	EndGlobalSection
	GlobalSection(SolutionProperties) = preSolution
		HideSolutionNode = FALSE
	EndGlobalSection
	GlobalSection(ExtensibilityGlobals) = postSolution
		SolutionGuid = {78C1C3BE-C313-42C1-8A4E-5F8015F0656A}
	EndGlobalSection
EndGlobal
